
Microsoft Visual Studio Solution File, Format Version 12.00
# Visual Studio Version 16
VisualStudioVersion = 16.0.29306.81
MinimumVisualStudioVersion = 10.0.40219.1
Project("{8BC9CEB8-8B4A-11D0-8D11-00A0C91BC942}") = "Práctica6", "Práctica6.vcxproj", "{EC1E22BB-7F18-4F41-A0AA-7735B5C500E6}"
EndProject
Global
	GlobalSection(SolutionConfigurationPlatforms) = preSolution
		Debug|x64 = Debug|x64
		Debug|x86 = Debug|x86
		Release|x64 = Release|x64
		Release|x86 = Release|x86
	EndGlobalSection
	GlobalSection(ProjectConfigurationPlatforms) = postSolution
		{EC1E22BB-7F18-4F41-A0AA-7735B5C500E6}.Debug|x64.ActiveCfg = Debug|x64
		{EC1E22BB-7F18-4F41-A0AA-7735B5C500E6}.Debug|x64.Build.0 = Debug|x64
		{EC1E22BB-7F18-4F41-A0AA-7735B5C500E6}.Debug|x86.ActiveCfg = Debug|Win32
		{EC1E22BB-7F18-4F41-A0AA-7735B5C500E6}.Debug|x86.Build.0 = Debug|Win32
		{EC1E22BB-7F18-4F41-A0AA-7735B5C500E6}.Release|x64.ActiveCfg = Release|x64
		{EC1E22BB-7F18-4F41-A0AA-7735B5C500E6}.Release|x64.Build.0 = Release|x64
		{EC1E22BB-7F18-4F41-A0AA-7735B5C500E6}.Release|x86.ActiveCfg = Release|Win32
		{EC1E22BB-7F18-4F41-A0AA-7735B5C500E6}.Release|x86.Build.0 = Release|Win32
	EndGlobalSection
	GlobalSection(SolutionProperties) = preSolution
		HideSolutionNode = FALSE
	EndGlobalSection
	GlobalSection(ExtensibilityGlobals) = postSolution
		SolutionGuid = {E4C23093-2CEE-45D8-B75A-94AC084B4801}
	EndGlobalSection
EndGlobal
