
Microsoft Visual Studio Solution File, Format Version 12.00
# Visual Studio Version 16
VisualStudioVersion = 16.0.29306.81
MinimumVisualStudioVersion = 10.0.40219.1
Project("{8BC9CEB8-8B4A-11D0-8D11-00A0C91BC942}") = "Práctica2Versión2", "Práctica2Versión2.vcxproj", "{448A2D64-41CF-4BAA-BB1D-F6D6598641FF}"
EndProject
Global
	GlobalSection(SolutionConfigurationPlatforms) = preSolution
		Debug|x64 = Debug|x64
		Debug|x86 = Debug|x86
		Release|x64 = Release|x64
		Release|x86 = Release|x86
	EndGlobalSection
	GlobalSection(ProjectConfigurationPlatforms) = postSolution
		{448A2D64-41CF-4BAA-BB1D-F6D6598641FF}.Debug|x64.ActiveCfg = Debug|x64
		{448A2D64-41CF-4BAA-BB1D-F6D6598641FF}.Debug|x64.Build.0 = Debug|x64
		{448A2D64-41CF-4BAA-BB1D-F6D6598641FF}.Debug|x86.ActiveCfg = Debug|Win32
		{448A2D64-41CF-4BAA-BB1D-F6D6598641FF}.Debug|x86.Build.0 = Debug|Win32
		{448A2D64-41CF-4BAA-BB1D-F6D6598641FF}.Release|x64.ActiveCfg = Release|x64
		{448A2D64-41CF-4BAA-BB1D-F6D6598641FF}.Release|x64.Build.0 = Release|x64
		{448A2D64-41CF-4BAA-BB1D-F6D6598641FF}.Release|x86.ActiveCfg = Release|Win32
		{448A2D64-41CF-4BAA-BB1D-F6D6598641FF}.Release|x86.Build.0 = Release|Win32
	EndGlobalSection
	GlobalSection(SolutionProperties) = preSolution
		HideSolutionNode = FALSE
	EndGlobalSection
	GlobalSection(ExtensibilityGlobals) = postSolution
		SolutionGuid = {F56493B1-509F-411E-A0D4-C6EC7887A704}
	EndGlobalSection
EndGlobal
